
Microsoft Visual Studio Solution File, Format Version 12.00
Project("{FAE04EC0-301F-11D3-BF4B-00C04F79EFBC}") = "Firstwebapp", "Firstwebapp\Firstwebapp.csproj", "{03138F38-6556-463E-B548-A26F0BC4B0F6}"
EndProject
Global
	GlobalSection(SolutionConfigurationPlatforms) = preSolution
		Debug|Any CPU = Debug|Any CPU
		Release|Any CPU = Release|Any CPU
	EndGlobalSection
	GlobalSection(ProjectConfigurationPlatforms) = postSolution
		{03138F38-6556-463E-B548-A26F0BC4B0F6}.Debug|Any CPU.ActiveCfg = Debug|Any CPU
		{03138F38-6556-463E-B548-A26F0BC4B0F6}.Debug|Any CPU.Build.0 = Debug|Any CPU
		{03138F38-6556-463E-B548-A26F0BC4B0F6}.Release|Any CPU.ActiveCfg = Release|Any CPU
		{03138F38-6556-463E-B548-A26F0BC4B0F6}.Release|Any CPU.Build.0 = Release|Any CPU
	EndGlobalSection
EndGlobal
